
Microsoft Visual Studio Solution File, Format Version 12.00
# Visual Studio Version 16
VisualStudioVersion = 16.0.29503.13
MinimumVisualStudioVersion = 10.0.40219.1
Project("{9A19103F-16F7-4668-BE54-9A1E7A4F7556}") = "SGMH.Healthcare.Vedant.API", "SGMH.Healthcare.Vedant.API\SGMH.Healthcare.Vedant.API.csproj", "{DB2135DC-80D5-48CA-B58C-BAA0F4A899BC}"
EndProject
Project("{9A19103F-16F7-4668-BE54-9A1E7A4F7556}") = "SGMH.Healthcare.Vedant.Data", "SGMH.Healthcare.Vedant.Data\SGMH.Healthcare.Vedant.Data.csproj", "{1408A48A-6DC4-4293-9E9C-2B6D45DCF96E}"
EndProject
Project("{9A19103F-16F7-4668-BE54-9A1E7A4F7556}") = "SGMH.Healthcare.Vedant.Business", "SGMH.Healthcare.Vedant.Business\SGMH.Healthcare.Vedant.Business.csproj", "{6879C710-2CBC-474C-8D54-D70A77258224}"
EndProject
Project("{FAE04EC0-301F-11D3-BF4B-00C04F79EFBC}") = "SGMH.Healthcare.Vedant.API.UnitTests", "SGMH.Healthcare.Vedant.API.UnitTests\SGMH.Healthcare.Vedant.API.UnitTests.csproj", "{D607DBE2-0214-4EE3-8976-A96C3F33615D}"
EndProject
Global
	GlobalSection(SolutionConfigurationPlatforms) = preSolution
		Debug|Any CPU = Debug|Any CPU
		Release|Any CPU = Release|Any CPU
	EndGlobalSection
	GlobalSection(ProjectConfigurationPlatforms) = postSolution
		{DB2135DC-80D5-48CA-B58C-BAA0F4A899BC}.Debug|Any CPU.ActiveCfg = Debug|Any CPU
		{DB2135DC-80D5-48CA-B58C-BAA0F4A899BC}.Debug|Any CPU.Build.0 = Debug|Any CPU
		{DB2135DC-80D5-48CA-B58C-BAA0F4A899BC}.Release|Any CPU.ActiveCfg = Release|Any CPU
		{DB2135DC-80D5-48CA-B58C-BAA0F4A899BC}.Release|Any CPU.Build.0 = Release|Any CPU
		{1408A48A-6DC4-4293-9E9C-2B6D45DCF96E}.Debug|Any CPU.ActiveCfg = Debug|Any CPU
		{1408A48A-6DC4-4293-9E9C-2B6D45DCF96E}.Debug|Any CPU.Build.0 = Debug|Any CPU
		{1408A48A-6DC4-4293-9E9C-2B6D45DCF96E}.Release|Any CPU.ActiveCfg = Release|Any CPU
		{1408A48A-6DC4-4293-9E9C-2B6D45DCF96E}.Release|Any CPU.Build.0 = Release|Any CPU
		{6879C710-2CBC-474C-8D54-D70A77258224}.Debug|Any CPU.ActiveCfg = Debug|Any CPU
		{6879C710-2CBC-474C-8D54-D70A77258224}.Debug|Any CPU.Build.0 = Debug|Any CPU
		{6879C710-2CBC-474C-8D54-D70A77258224}.Release|Any CPU.ActiveCfg = Release|Any CPU
		{6879C710-2CBC-474C-8D54-D70A77258224}.Release|Any CPU.Build.0 = Release|Any CPU
		{D607DBE2-0214-4EE3-8976-A96C3F33615D}.Debug|Any CPU.ActiveCfg = Debug|Any CPU
		{D607DBE2-0214-4EE3-8976-A96C3F33615D}.Debug|Any CPU.Build.0 = Debug|Any CPU
		{D607DBE2-0214-4EE3-8976-A96C3F33615D}.Release|Any CPU.ActiveCfg = Release|Any CPU
		{D607DBE2-0214-4EE3-8976-A96C3F33615D}.Release|Any CPU.Build.0 = Release|Any CPU
	EndGlobalSection
	GlobalSection(SolutionProperties) = preSolution
		HideSolutionNode = FALSE
	EndGlobalSection
	GlobalSection(ExtensibilityGlobals) = postSolution
		SolutionGuid = {4866DD96-E7BC-424D-A52F-9B1222349CA4}
	EndGlobalSection
EndGlobal
